# This file is autogenerated, do not edit; changes may be undone by the next 'dep ensure'.


[[projects]]
  branch = "master"
  name = "github.com/hashicorp/hcl"
  packages = [".","hcl/ast","hcl/parser","hcl/printer","hcl/scanner","hcl/strconv","hcl/token","json/parser","json/scanner","json/token"]
  revision = "8f6b1344a92ff8877cf24a5de9177bf7d0a2a187"

[solve-meta]
  analyzer-name = "dep"
  analyzer-version = 1
  inputs-digest = "8605a3faa3af27e5e1167bc3601e46f66ac4f7103b7a6da90941cf51bfa38fb4"
  solver-name = "gps-cdcl"
  solver-version = 1
